<?xml version="1.0" encoding="utf-8"?>
<Project ToolsVersion="4.0" xmlns="http://schemas.microsoft.com/developer/msbuild/2003">
  <ItemGroup>
    <Filter Include="Source Files">
      <UniqueIdentifier>{4329ea26-1c87-4e61-bfc8-c170ab67f256}</UniqueIdentifier>
    </Filter>
  </ItemGroup>
  <ItemGroup>
    <ClCompile Include="mmdevice\SerialProtoWork.cpp">
      <Filter>Source Files</Filter>
    </ClCompile>
  </ItemGroup>
  <ItemGroup>
    <ClInclude Include="mmdevice\SerialProtoWork.h">
      <Filter>Source Files</Filter>
    </ClInclude>
  </ItemGroup>
</Project>